// !$*UTF8*$!
{
	archiveVersion = 1;
	classes = {
	};
	objectVersion = 50;
	objects = {

/* Begin PBXBuildFile section */
		EDE0B74A26D3589800205372 /* Haker_newsApp.swift in Sources */ = {isa = PBXBuildFile; fileRef = EDE0B74926D3589800205372 /* Haker_newsApp.swift */; };
		EDE0B74C26D3589800205372 /* ContentView.swift in Sources */ = {isa = PBXBuildFile; fileRef = EDE0B74B26D3589800205372 /* ContentView.swift */; };
		EDE0B74E26D358A200205372 /* Assets.xcassets in Resources */ = {isa = PBXBuildFile; fileRef = EDE0B74D26D358A200205372 /* Assets.xcassets */; };
		EDE0B75126D358A200205372 /* Preview Assets.xcassets in Resources */ = {isa = PBXBuildFile; fileRef = EDE0B75026D358A200205372 /* Preview Assets.xcassets */; };
		EDE0B75A26D35FCA00205372 /* NetworkManager.swift in Sources */ = {isa = PBXBuildFile; fileRef = EDE0B75926D35FCA00205372 /* NetworkManager.swift */; };
		EDE0B75C26D3622B00205372 /* PostData.swift in Sources */ = {isa = PBXBuildFile; fileRef = EDE0B75B26D3622B00205372 /* PostData.swift */; };
		EDE0B75F26D3B8D100205372 /* DetailView.swift in Sources */ = {isa = PBXBuildFile; fileRef = EDE0B75E26D3B8D100205372 /* DetailView.swift */; };
		EDE0B76126D3C2C500205372 /* WebView.swift in Sources */ = {isa = PBXBuildFile; fileRef = EDE0B76026D3C2C500205372 /* WebView.swift */; };
/* End PBXBuildFile section */

/* Begin PBXFileReference section */
		EDABF93D26D3D5430093053F /* Haker news.entitlements */ = {isa = PBXFileReference; lastKnownFileType = text.plist.entitlements; path = "Haker news.entitlements"; sourceTree = "<group>"; };
		EDE0B74626D3589800205372 /* Haker news.app */ = {isa = PBXFileReference; explicitFileType = wrapper.application; includeInIndex = 0; path = "Haker news.app"; sourceTree = BUILT_PRODUCTS_DIR; };
		EDE0B74926D3589800205372 /* Haker_newsApp.swift */ = {isa = PBXFileReference; lastKnownFileType = sourcecode.swift; path = Haker_newsApp.swift; sourceTree = "<group>"; };
		EDE0B74B26D3589800205372 /* ContentView.swift */ = {isa = PBXFileReference; lastKnownFileType = sourcecode.swift; path = ContentView.swift; sourceTree = "<group>"; };
		EDE0B74D26D358A200205372 /* Assets.xcassets */ = {isa = PBXFileReference; lastKnownFileType = folder.assetcatalog; path = Assets.xcassets; sourceTree = "<group>"; };
		EDE0B75026D358A200205372 /* Preview Assets.xcassets */ = {isa = PBXFileReference; lastKnownFileType = folder.assetcatalog; path = "Preview Assets.xcassets"; sourceTree = "<group>"; };
		EDE0B75226D358A200205372 /* Info.plist */ = {isa = PBXFileReference; lastKnownFileType = text.plist.xml; path = Info.plist; sourceTree = "<group>"; };
		EDE0B75926D35FCA00205372 /* NetworkManager.swift */ = {isa = PBXFileReference; lastKnownFileType = sourcecode.swift; path = NetworkManager.swift; sourceTree = "<group>"; };
		EDE0B75B26D3622B00205372 /* PostData.swift */ = {isa = PBXFileReference; lastKnownFileType = sourcecode.swift; path = PostData.swift; sourceTree = "<group>"; };
		EDE0B75E26D3B8D100205372 /* DetailView.swift */ = {isa = PBXFileReference; lastKnownFileType = sourcecode.swift; path = DetailView.swift; sourceTree = "<group>"; };
		EDE0B76026D3C2C500205372 /* WebView.swift */ = {isa = PBXFileReference; lastKnownFileType = sourcecode.swift; path = WebView.swift; sourceTree = "<group>"; };
/* End PBXFileReference section */

/* Begin PBXFrameworksBuildPhase section */
		EDE0B74326D3589800205372 /* Frameworks */ = {
			isa = PBXFrameworksBuildPhase;
			buildActionMask = 2147483647;
			files = (
			);
			runOnlyForDeploymentPostprocessing = 0;
		};
/* End PBXFrameworksBuildPhase section */

/* Begin PBXGroup section */
		EDE0B73D26D3589800205372 = {
			isa = PBXGroup;
			children = (
				EDE0B74826D3589800205372 /* Haker news */,
				EDE0B74726D3589800205372 /* Products */,
			);
			sourceTree = "<group>";
		};
		EDE0B74726D3589800205372 /* Products */ = {
			isa = PBXGroup;
			children = (
				EDE0B74626D3589800205372 /* Haker news.app */,
			);
			name = Products;
			sourceTree = "<group>";
		};
		EDE0B74826D3589800205372 /* Haker news */ = {
			isa = PBXGroup;
			children = (
				EDABF93D26D3D5430093053F /* Haker news.entitlements */,
				EDE0B74926D3589800205372 /* Haker_newsApp.swift */,
				EDE0B75D26D3B89E00205372 /* Views */,
				EDE0B74D26D358A200205372 /* Assets.xcassets */,
				EDE0B75826D35FAE00205372 /* Models */,
				EDE0B75226D358A200205372 /* Info.plist */,
				EDE0B74F26D358A200205372 /* Preview Content */,
			);
			path = "Haker news";
			sourceTree = "<group>";
		};
		EDE0B74F26D358A200205372 /* Preview Content */ = {
			isa = PBXGroup;
			children = (
				EDE0B75026D358A200205372 /* Preview Assets.xcassets */,
			);
			path = "Preview Content";
			sourceTree = "<group>";
		};
		EDE0B75826D35FAE00205372 /* Models */ = {
			isa = PBXGroup;
			children = (
				EDE0B75926D35FCA00205372 /* NetworkManager.swift */,
				EDE0B75B26D3622B00205372 /* PostData.swift */,
			);
			path = Models;
			sourceTree = "<group>";
		};
		EDE0B75D26D3B89E00205372 /* Views */ = {
			isa = PBXGroup;
			children = (
				EDE0B74B26D3589800205372 /* ContentView.swift */,
				EDE0B75E26D3B8D100205372 /* DetailView.swift */,
				EDE0B76026D3C2C500205372 /* WebView.swift */,
			);
			path = Views;
			sourceTree = "<group>";
		};
/* End PBXGroup section */

/* Begin PBXNativeTarget section */
		EDE0B74526D3589800205372 /* Haker news */ = {
			isa = PBXNativeTarget;
			buildConfigurationList = EDE0B75526D358A200205372 /* Build configuration list for PBXNativeTarget "Haker news" */;
			buildPhases = (
				EDE0B74226D3589800205372 /* Sources */,
				EDE0B74326D3589800205372 /* Frameworks */,
				EDE0B74426D3589800205372 /* Resources */,
			);
			buildRules = (
			);
			dependencies = (
			);
			name = "Haker news";
			productName = "Haker news";
			productReference = EDE0B74626D3589800205372 /* Haker news.app */;
			productType = "com.apple.product-type.application";
		};
/* End PBXNativeTarget section */

/* Begin PBXProject section */
		EDE0B73E26D3589800205372 /* Project object */ = {
			isa = PBXProject;
			attributes = {
				LastSwiftUpdateCheck = 1250;
				LastUpgradeCheck = 1250;
				TargetAttributes = {
					EDE0B74526D3589800205372 = {
						CreatedOnToolsVersion = 12.5;
					};
				};
			};
			buildConfigurationList = EDE0B74126D3589800205372 /* Build configuration list for PBXProject "Haker news" */;
			compatibilityVersion = "Xcode 9.3";
			developmentRegion = en;
			hasScannedForEncodings = 0;
			knownRegions = (
				en,
				Base,
			);
			mainGroup = EDE0B73D26D3589800205372;
			productRefGroup = EDE0B74726D3589800205372 /* Products */;
			projectDirPath = "";
			projectRoot = "";
			targets = (
				EDE0B74526D3589800205372 /* Haker news */,
			);
		};
/* End PBXProject section */

/* Begin PBXResourcesBuildPhase section */
		EDE0B74426D3589800205372 /* Resources */ = {
			isa = PBXResourcesBuildPhase;
			buildActionMask = 2147483647;
			files = (
				EDE0B75126D358A200205372 /* Preview Assets.xcassets in Resources */,
				EDE0B74E26D358A200205372 /* Assets.xcassets in Resources */,
			);
			runOnlyForDeploymentPostprocessing = 0;
		};
/* End PBXResourcesBuildPhase section */

/* Begin PBXSourcesBuildPhase section */
		EDE0B74226D3589800205372 /* Sources */ = {
			isa = PBXSourcesBuildPhase;
			buildActionMask = 2147483647;
			files = (
				EDE0B75A26D35FCA00205372 /* NetworkManager.swift in Sources */,
				EDE0B75C26D3622B00205372 /* PostData.swift in Sources */,
				EDE0B74C26D3589800205372 /* ContentView.swift in Sources */,
				EDE0B76126D3C2C500205372 /* WebView.swift in Sources */,
				EDE0B75F26D3B8D100205372 /* DetailView.swift in Sources */,
				EDE0B74A26D3589800205372 /* Haker_newsApp.swift in Sources */,
			);
			runOnlyForDeploymentPostprocessing = 0;
		};
/* End PBXSourcesBuildPhase section */

/* Begin XCBuildConfiguration section */
		EDE0B75326D358A200205372 /* Debug */ = {
			isa = XCBuildConfiguration;
			buildSettings = {
				ALWAYS_SEARCH_USER_PATHS = NO;
				CLANG_ANALYZER_NONNULL = YES;
				CLANG_ANALYZER_NUMBER_OBJECT_CONVERSION = YES_AGGRESSIVE;
				CLANG_CXX_LANGUAGE_STANDARD = "gnu++14";
				CLANG_CXX_LIBRARY = "libc++";
				CLANG_ENABLE_MODULES = YES;
				CLANG_ENABLE_OBJC_ARC = YES;
				CLANG_ENABLE_OBJC_WEAK = YES;
				CLANG_WARN_BLOCK_CAPTURE_AUTORELEASING = YES;
				CLANG_WARN_BOOL_CONVERSION = YES;
				CLANG_WARN_COMMA = YES;
				CLANG_WARN_CONSTANT_CONVERSION = YES;
				CLANG_WARN_DEPRECATED_OBJC_IMPLEMENTATIONS = YES;
				CLANG_WARN_DIRECT_OBJC_ISA_USAGE = YES_ERROR;
				CLANG_WARN_DOCUMENTATION_COMMENTS = YES;
				CLANG_WARN_EMPTY_BODY = YES;
				CLANG_WARN_ENUM_CONVERSION = YES;
				CLANG_WARN_INFINITE_RECURSION = YES;
				CLANG_WARN_INT_CONVERSION = YES;
				CLANG_WARN_NON_LITERAL_NULL_CONVERSION = YES;
				CLANG_WARN_OBJC_IMPLICIT_RETAIN_SELF = YES;
				CLANG_WARN_OBJC_LITERAL_CONVERSION = YES;
				CLANG_WARN_OBJC_ROOT_CLASS = YES_ERROR;
				CLANG_WARN_QUOTED_INCLUDE_IN_FRAMEWORK_HEADER = YES;
				CLANG_WARN_RANGE_LOOP_ANALYSIS = YES;
				CLANG_WARN_STRICT_PROTOTYPES = YES;
				CLANG_WARN_SUSPICIOUS_MOVE = YES;
				CLANG_WARN_UNGUARDED_AVAILABILITY = YES_AGGRESSIVE;
				CLANG_WARN_UNREACHABLE_CODE = YES;
				CLANG_WARN__DUPLICATE_METHOD_MATCH = YES;
				COPY_PHASE_STRIP = NO;
				DEBUG_INFORMATION_FORMAT = dwarf;
				ENABLE_STRICT_OBJC_MSGSEND = YES;
				ENABLE_TESTABILITY = YES;
				GCC_C_LANGUAGE_STANDARD = gnu11;
				GCC_DYNAMIC_NO_PIC = NO;
				GCC_NO_COMMON_BLOCKS = YES;
				GCC_OPTIMIZATION_LEVEL = 0;
				GCC_PREPROCESSOR_DEFINITIONS = (
					"DEBUG=1",
					"$(inherited)",
				);
				GCC_WARN_64_TO_32_BIT_CONVERSION = YES;
				GCC_WARN_ABOUT_RETURN_TYPE = YES_ERROR;
				GCC_WARN_UNDECLARED_SELECTOR = YES;
				GCC_WARN_UNINITIALIZED_AUTOS = YES_AGGRESSIVE;
				GCC_WARN_UNUSED_FUNCTION = YES;
				GCC_WARN_UNUSED_VARIABLE = YES;
				IPHONEOS_DEPLOYMENT_TARGET = 14.5;
				MTL_ENABLE_DEBUG_INFO = INCLUDE_SOURCE;
				MTL_FAST_MATH = YES;
				ONLY_ACTIVE_ARCH = YES;
				SDKROOT = iphoneos;
				SWIFT_ACTIVE_COMPILATION_CONDITIONS = DEBUG;
				SWIFT_OPTIMIZATION_LEVEL = "-Onone";
			};
			name = Debug;
		};
		EDE0B75426D358A200205372 /* Release */ = {
			isa = XCBuildConfiguration;
			buildSettings = {
				ALWAYS_SEARCH_USER_PATHS = NO;
				CLANG_ANALYZER_NONNULL = YES;
				CLANG_ANALYZER_NUMBER_OBJECT_CONVERSION = YES_AGGRESSIVE;
				CLANG_CXX_LANGUAGE_STANDARD = "gnu++14";
				CLANG_CXX_LIBRARY = "libc++";
				CLANG_ENABLE_MODULES = YES;
				CLANG_ENABLE_OBJC_ARC = YES;
				CLANG_ENABLE_OBJC_WEAK = YES;
				CLANG_WARN_BLOCK_CAPTURE_AUTORELEASING = YES;
				CLANG_WARN_BOOL_CONVERSION = YES;
				CLANG_WARN_COMMA = YES;
				CLANG_WARN_CONSTANT_CONVERSION = YES;
				CLANG_WARN_DEPRECATED_OBJC_IMPLEMENTATIONS = YES;
				CLANG_WARN_DIRECT_OBJC_ISA_USAGE = YES_ERROR;
				CLANG_WARN_DOCUMENTATION_COMMENTS = YES;
				CLANG_WARN_EMPTY_BODY = YES;
				CLANG_WARN_ENUM_CONVERSION = YES;
				CLANG_WARN_INFINITE_RECURSION = YES;
				CLANG_WARN_INT_CONVERSION = YES;
				CLANG_WARN_NON_LITERAL_NULL_CONVERSION = YES;
				CLANG_WARN_OBJC_IMPLICIT_RETAIN_SELF = YES;
				CLANG_WARN_OBJC_LITERAL_CONVERSION = YES;
				CLANG_WARN_OBJC_ROOT_CLASS = YES_ERROR;
				CLANG_WARN_QUOTED_INCLUDE_IN_FRAMEWORK_HEADER = YES;
				CLANG_WARN_RANGE_LOOP_ANALYSIS = YES;
				CLANG_WARN_STRICT_PROTOTYPES = YES;
				CLANG_WARN_SUSPICIOUS_MOVE = YES;
				CLANG_WARN_UNGUARDED_AVAILABILITY = YES_AGGRESSIVE;
				CLANG_WARN_UNREACHABLE_CODE = YES;
				CLANG_WARN__DUPLICATE_METHOD_MATCH = YES;
				COPY_PHASE_STRIP = NO;
				DEBUG_INFORMATION_FORMAT = "dwarf-with-dsym";
				ENABLE_NS_ASSERTIONS = NO;
				ENABLE_STRICT_OBJC_MSGSEND = YES;
				GCC_C_LANGUAGE_STANDARD = gnu11;
				GCC_NO_COMMON_BLOCKS = YES;
				GCC_WARN_64_TO_32_BIT_CONVERSION = YES;
				GCC_WARN_ABOUT_RETURN_TYPE = YES_ERROR;
				GCC_WARN_UNDECLARED_SELECTOR = YES;
				GCC_WARN_UNINITIALIZED_AUTOS = YES_AGGRESSIVE;
				GCC_WARN_UNUSED_FUNCTION = YES;
				GCC_WARN_UNUSED_VARIABLE = YES;
				IPHONEOS_DEPLOYMENT_TARGET = 14.5;
				MTL_ENABLE_DEBUG_INFO = NO;
				MTL_FAST_MATH = YES;
				SDKROOT = iphoneos;
				SWIFT_COMPILATION_MODE = wholemodule;
				SWIFT_OPTIMIZATION_LEVEL = "-O";
				VALIDATE_PRODUCT = YES;
			};
			name = Release;
		};
		EDE0B75626D358A200205372 /* Debug */ = {
			isa = XCBuildConfiguration;
			buildSettings = {
				ASSETCATALOG_COMPILER_APPICON_NAME = AppIcon;
				ASSETCATALOG_COMPILER_GLOBAL_ACCENT_COLOR_NAME = AccentColor;
				CODE_SIGN_ENTITLEMENTS = "Haker news/Haker news.entitlements";
				"CODE_SIGN_IDENTITY[sdk=macosx*]" = "Apple Development";
				CODE_SIGN_STYLE = Automatic;
				DEVELOPMENT_ASSET_PATHS = "\"Haker news/Preview Content\"";
				DEVELOPMENT_TEAM = 8S9747MDPY;
				ENABLE_PREVIEWS = YES;
				INFOPLIST_FILE = "Haker news/Info.plist";
				IPHONEOS_DEPLOYMENT_TARGET = 14.0;
				LD_RUNPATH_SEARCH_PATHS = (
					"$(inherited)",
					"@executable_path/Frameworks",
				);
				PRODUCT_BUNDLE_IDENTIFIER = "Skorobogaty-Dmitry.Haker-news";
				PRODUCT_NAME = "$(TARGET_NAME)";
				SUPPORTS_MACCATALYST = YES;
				SWIFT_VERSION = 5.0;
				TARGETED_DEVICE_FAMILY = "1,2";
			};
			name = Debug;
		};
		EDE0B75726D358A200205372 /* Release */ = {
			isa = XCBuildConfiguration;
			buildSettings = {
				ASSETCATALOG_COMPILER_APPICON_NAME = AppIcon;
				ASSETCATALOG_COMPILER_GLOBAL_ACCENT_COLOR_NAME = AccentColor;
				CODE_SIGN_ENTITLEMENTS = "Haker news/Haker news.entitlements";
				"CODE_SIGN_IDENTITY[sdk=macosx*]" = "Apple Development";
				CODE_SIGN_STYLE = Automatic;
				DEVELOPMENT_ASSET_PATHS = "\"Haker news/Preview Content\"";
				DEVELOPMENT_TEAM = 8S9747MDPY;
				ENABLE_PREVIEWS = YES;
				INFOPLIST_FILE = "Haker news/Info.plist";
				IPHONEOS_DEPLOYMENT_TARGET = 14.0;
				LD_RUNPATH_SEARCH_PATHS = (
					"$(inherited)",
					"@executable_path/Frameworks",
				);
				PRODUCT_BUNDLE_IDENTIFIER = "Skorobogaty-Dmitry.Haker-news";
				PRODUCT_NAME = "$(TARGET_NAME)";
				SUPPORTS_MACCATALYST = YES;
				SWIFT_VERSION = 5.0;
				TARGETED_DEVICE_FAMILY = "1,2";
			};
			name = Release;
		};
/* End XCBuildConfiguration section */

/* Begin XCConfigurationList section */
		EDE0B74126D3589800205372 /* Build configuration list for PBXProject "Haker news" */ = {
			isa = XCConfigurationList;
			buildConfigurations = (
				EDE0B75326D358A200205372 /* Debug */,
				EDE0B75426D358A200205372 /* Release */,
			);
			defaultConfigurationIsVisible = 0;
			defaultConfigurationName = Release;
		};
		EDE0B75526D358A200205372 /* Build configuration list for PBXNativeTarget "Haker news" */ = {
			isa = XCConfigurationList;
			buildConfigurations = (
				EDE0B75626D358A200205372 /* Debug */,
				EDE0B75726D358A200205372 /* Release */,
			);
			defaultConfigurationIsVisible = 0;
			defaultConfigurationName = Release;
		};
/* End XCConfigurationList section */
	};
	rootObject = EDE0B73E26D3589800205372 /* Project object */;
}
